{
  "meteor": {},
  "dependencies": {
    "basePackages": {
      "xml2js": {},
      "jquery-ui": {},
      "jquery-ui-bootstrap": {},
      "mailchimp": {}
    },
    "packages": {
      "xml2js": {
        "git": "https://github.com/peerlibrary/meteor-xml2js.git",
        "tag": "v0.4.4-1",
        "commit": "e437621620bf1821f3388f8949c8d5408f38d1fb"
      },
      "jquery-ui": {
        "git": "https://github.com/TimHeckel/meteor-jquery-ui.git",
        "tag": "v1.9.2",
        "commit": "c437d45edcf1367df8d5ffa8bad2867758030bd2"
      },
      "jquery-ui-bootstrap": {
        "git": "https://github.com/TimHeckel/meteor-jquery-ui-bootstrap.git",
        "tag": "v0.1.2",
        "commit": "fa742a85639307003e105898e15b631394b63509"
      },
      "mailchimp": {
        "git": "https://github.com/MiroHibler/meteor-mailchimp.git",
        "tag": "v0.4.2",
        "commit": "7d100e96b37eb931f4e1d9544da677bb43fe8b5b"
      },
      "blocking": {
        "git": "https://github.com/peerlibrary/meteor-blocking.git",
        "tag": "v0.4.1",
        "commit": "512354e9721d931c7884b56fbb3b419d060ae8da"
      }
    }
  }
}
